
Microsoft Visual Studio Solution File, Format Version 12.00
# Visual Studio Version 16
VisualStudioVersion = 16.0.32126.315
MinimumVisualStudioVersion = 10.0.40219.1
Project("{FAE04EC0-301F-11D3-BF4B-00C04F79EFBC}") = "EserciziStringhe2Giardina", "EserciziStringhe2Giardina\EserciziStringhe2Giardina.csproj", "{4AEF66AD-AFC4-4FDC-9A8B-54D895A85E2C}"
EndProject
Global
	GlobalSection(SolutionConfigurationPlatforms) = preSolution
		Debug|Any CPU = Debug|Any CPU
		Release|Any CPU = Release|Any CPU
	EndGlobalSection
	GlobalSection(ProjectConfigurationPlatforms) = postSolution
		{4AEF66AD-AFC4-4FDC-9A8B-54D895A85E2C}.Debug|Any CPU.ActiveCfg = Debug|Any CPU
		{4AEF66AD-AFC4-4FDC-9A8B-54D895A85E2C}.Debug|Any CPU.Build.0 = Debug|Any CPU
		{4AEF66AD-AFC4-4FDC-9A8B-54D895A85E2C}.Release|Any CPU.ActiveCfg = Release|Any CPU
		{4AEF66AD-AFC4-4FDC-9A8B-54D895A85E2C}.Release|Any CPU.Build.0 = Release|Any CPU
	EndGlobalSection
	GlobalSection(SolutionProperties) = preSolution
		HideSolutionNode = FALSE
	EndGlobalSection
	GlobalSection(ExtensibilityGlobals) = postSolution
		SolutionGuid = {9C9F3C92-7A93-4C80-B52D-778CDDAD9495}
	EndGlobalSection
EndGlobal
